
Microsoft Visual Studio Solution File, Format Version 12.00
# Visual Studio Version 17
VisualStudioVersion = 17.7.34221.43
MinimumVisualStudioVersion = 10.0.40219.1
Project("{9A19103F-16F7-4668-BE54-9A1E7A4F7556}") = "IntunePolicyCompare", "IntuneSecurityBaselinePolicyCompare\IntunePolicyCompare.csproj", "{341DAE03-5122-4B33-961D-B06163D5DD24}"
EndProject
Global
	GlobalSection(SolutionConfigurationPlatforms) = preSolution
		Debug|Any CPU = Debug|Any CPU
		Release|Any CPU = Release|Any CPU
	EndGlobalSection
	GlobalSection(ProjectConfigurationPlatforms) = postSolution
		{341DAE03-5122-4B33-961D-B06163D5DD24}.Debug|Any CPU.ActiveCfg = Debug|Any CPU
		{341DAE03-5122-4B33-961D-B06163D5DD24}.Debug|Any CPU.Build.0 = Debug|Any CPU
		{341DAE03-5122-4B33-961D-B06163D5DD24}.Release|Any CPU.ActiveCfg = Release|Any CPU
		{341DAE03-5122-4B33-961D-B06163D5DD24}.Release|Any CPU.Build.0 = Release|Any CPU
	EndGlobalSection
	GlobalSection(SolutionProperties) = preSolution
		HideSolutionNode = FALSE
	EndGlobalSection
	GlobalSection(ExtensibilityGlobals) = postSolution
		SolutionGuid = {F4825AA6-AEDF-4723-80BC-E62C456C0B4A}
	EndGlobalSection
EndGlobal
